
Microsoft Visual Studio Solution File, Format Version 12.00
# Visual Studio Version 17
VisualStudioVersion = 17.2.32630.192
MinimumVisualStudioVersion = 10.0.40219.1
Project("{FAE04EC0-301F-11D3-BF4B-00C04F79EFBC}") = "VkBotConstructor", "VkBotConstructor\VkBotConstructor.csproj", "{CE9C4234-85E6-4363-AFF6-FEA5E398B7D2}"
EndProject
Project("{FAE04EC0-301F-11D3-BF4B-00C04F79EFBC}") = "VkBotConstructor.Abstractions", "VkBotConstructor.Abstractions\VkBotConstructor.Abstractions.csproj", "{D7474884-0A79-4960-91E0-9C2E7806F20F}"
EndProject
Project("{FAE04EC0-301F-11D3-BF4B-00C04F79EFBC}") = "VkBotConstructor.Exceptions", "VkBotConstructor.Exceptions\VkBotConstructor.Exceptions.csproj", "{8A75C18A-0CDC-4F61-8303-2287D792B0AA}"
EndProject
Project("{9A19103F-16F7-4668-BE54-9A1E7A4F7556}") = "TestBot", "TestBot\TestBot.csproj", "{3AA975C6-57D6-4AC0-9C7A-4CEAA9ED1592}"
EndProject
Global
	GlobalSection(SolutionConfigurationPlatforms) = preSolution
		Debug|Any CPU = Debug|Any CPU
		Release|Any CPU = Release|Any CPU
	EndGlobalSection
	GlobalSection(ProjectConfigurationPlatforms) = postSolution
		{CE9C4234-85E6-4363-AFF6-FEA5E398B7D2}.Debug|Any CPU.ActiveCfg = Debug|Any CPU
		{CE9C4234-85E6-4363-AFF6-FEA5E398B7D2}.Debug|Any CPU.Build.0 = Debug|Any CPU
		{CE9C4234-85E6-4363-AFF6-FEA5E398B7D2}.Release|Any CPU.ActiveCfg = Release|Any CPU
		{CE9C4234-85E6-4363-AFF6-FEA5E398B7D2}.Release|Any CPU.Build.0 = Release|Any CPU
		{D7474884-0A79-4960-91E0-9C2E7806F20F}.Debug|Any CPU.ActiveCfg = Debug|Any CPU
		{D7474884-0A79-4960-91E0-9C2E7806F20F}.Debug|Any CPU.Build.0 = Debug|Any CPU
		{D7474884-0A79-4960-91E0-9C2E7806F20F}.Release|Any CPU.ActiveCfg = Release|Any CPU
		{D7474884-0A79-4960-91E0-9C2E7806F20F}.Release|Any CPU.Build.0 = Release|Any CPU
		{8A75C18A-0CDC-4F61-8303-2287D792B0AA}.Debug|Any CPU.ActiveCfg = Debug|Any CPU
		{8A75C18A-0CDC-4F61-8303-2287D792B0AA}.Debug|Any CPU.Build.0 = Debug|Any CPU
		{8A75C18A-0CDC-4F61-8303-2287D792B0AA}.Release|Any CPU.ActiveCfg = Release|Any CPU
		{8A75C18A-0CDC-4F61-8303-2287D792B0AA}.Release|Any CPU.Build.0 = Release|Any CPU
		{3AA975C6-57D6-4AC0-9C7A-4CEAA9ED1592}.Debug|Any CPU.ActiveCfg = Debug|Any CPU
		{3AA975C6-57D6-4AC0-9C7A-4CEAA9ED1592}.Debug|Any CPU.Build.0 = Debug|Any CPU
		{3AA975C6-57D6-4AC0-9C7A-4CEAA9ED1592}.Release|Any CPU.ActiveCfg = Release|Any CPU
		{3AA975C6-57D6-4AC0-9C7A-4CEAA9ED1592}.Release|Any CPU.Build.0 = Release|Any CPU
	EndGlobalSection
	GlobalSection(SolutionProperties) = preSolution
		HideSolutionNode = FALSE
	EndGlobalSection
	GlobalSection(ExtensibilityGlobals) = postSolution
		SolutionGuid = {AE4655C0-CD32-401A-9C9A-D5336E00758C}
	EndGlobalSection
EndGlobal
